{
  "name": "bump-sync-deps",
  "version": "1.0.1",
  "lockfileVersion": 3,
  "requires": true,
  "packages": {
    "": {
      "name": "bump-sync-deps",
      "version": "1.0.1",
      "license": "MIT",
      "bin": {
        "bump-sync-deps": "index.js"
      },
      "devDependencies": {}
    }
  }
}
